
Microsoft Visual Studio Solution File, Format Version 12.00
# Visual Studio Version 16
VisualStudioVersion = 16.0.31613.86
MinimumVisualStudioVersion = 10.0.40219.1
Project("{FAE04EC0-301F-11D3-BF4B-00C04F79EFBC}") = "ejercicio3", "ejercicio3\ejercicio3.csproj", "{282CE939-CAE4-4005-9362-EBAA260C423D}"
EndProject
Project("{FAE04EC0-301F-11D3-BF4B-00C04F79EFBC}") = "Ejercicio2", "Ejercicio2\Ejercicio2.csproj", "{79071CC4-E2EA-4F52-A02F-A3FA6FF1CC0B}"
EndProject
Global
	GlobalSection(SolutionConfigurationPlatforms) = preSolution
		Debug|Any CPU = Debug|Any CPU
		Release|Any CPU = Release|Any CPU
	EndGlobalSection
	GlobalSection(ProjectConfigurationPlatforms) = postSolution
		{282CE939-CAE4-4005-9362-EBAA260C423D}.Debug|Any CPU.ActiveCfg = Debug|Any CPU
		{282CE939-CAE4-4005-9362-EBAA260C423D}.Debug|Any CPU.Build.0 = Debug|Any CPU
		{282CE939-CAE4-4005-9362-EBAA260C423D}.Release|Any CPU.ActiveCfg = Release|Any CPU
		{282CE939-CAE4-4005-9362-EBAA260C423D}.Release|Any CPU.Build.0 = Release|Any CPU
		{79071CC4-E2EA-4F52-A02F-A3FA6FF1CC0B}.Debug|Any CPU.ActiveCfg = Debug|Any CPU
		{79071CC4-E2EA-4F52-A02F-A3FA6FF1CC0B}.Debug|Any CPU.Build.0 = Debug|Any CPU
		{79071CC4-E2EA-4F52-A02F-A3FA6FF1CC0B}.Release|Any CPU.ActiveCfg = Release|Any CPU
		{79071CC4-E2EA-4F52-A02F-A3FA6FF1CC0B}.Release|Any CPU.Build.0 = Release|Any CPU
	EndGlobalSection
	GlobalSection(SolutionProperties) = preSolution
		HideSolutionNode = FALSE
	EndGlobalSection
	GlobalSection(ExtensibilityGlobals) = postSolution
		SolutionGuid = {B10EF97E-B366-4EAF-875A-2F3F6F089037}
	EndGlobalSection
EndGlobal
