
Microsoft Visual Studio Solution File, Format Version 12.00
# Visual Studio Version 16
VisualStudioVersion = 16.0.31613.86
MinimumVisualStudioVersion = 10.0.40219.1
Project("{FAE04EC0-301F-11D3-BF4B-00C04F79EFBC}") = "ejercicio3", "ejercicio3\ejercicio3.csproj", "{282CE939-CAE4-4005-9362-EBAA260C423D}"
EndProject
Project("{FAE04EC0-301F-11D3-BF4B-00C04F79EFBC}") = "Ejercicio2", "Ejercicio2\Ejercicio2.csproj", "{79071CC4-E2EA-4F52-A02F-A3FA6FF1CC0B}"
EndProject
Project("{FAE04EC0-301F-11D3-BF4B-00C04F79EFBC}") = "Ejercicio4", "Ejercicio4\Ejercicio4.csproj", "{96A14BBA-7F9E-478B-A61B-3D35C1A63508}"
EndProject
Project("{FAE04EC0-301F-11D3-BF4B-00C04F79EFBC}") = "Ejercicio5", "Ejercicio5\Ejercicio5.csproj", "{608CC575-7783-4ED0-9F30-49B7E7BF97A2}"
EndProject
Project("{FAE04EC0-301F-11D3-BF4B-00C04F79EFBC}") = "Ejercicio6", "Ejercicio6\Ejercicio6.csproj", "{A60D725B-682B-4740-92C8-7AEE6175223E}"
EndProject
Project("{FAE04EC0-301F-11D3-BF4B-00C04F79EFBC}") = "Ejercicio7", "Ejercicio7\Ejercicio7.csproj", "{02CFFB55-D70A-432B-B895-F45FFE7C4AC2}"
EndProject
Project("{FAE04EC0-301F-11D3-BF4B-00C04F79EFBC}") = "Ejercicio8", "Ejercicio8\Ejercicio8.csproj", "{D71659E6-B5AC-48A4-818F-E7FBAF6C36A0}"
EndProject
Project("{FAE04EC0-301F-11D3-BF4B-00C04F79EFBC}") = "Ejercicio9", "Ejercicio9\Ejercicio9.csproj", "{41733BD9-4008-4881-AAE8-57C84269293C}"
EndProject
Project("{FAE04EC0-301F-11D3-BF4B-00C04F79EFBC}") = "Ejercicio10", "Ejercicio10\Ejercicio10.csproj", "{310A87D9-2722-483D-BC95-7C8DCA51FC1F}"
EndProject
Project("{FAE04EC0-301F-11D3-BF4B-00C04F79EFBC}") = "Ejercicio11", "Ejercicio11\Ejercicio11.csproj", "{B8085EF0-C578-40FF-A1B9-7141DC72A38F}"
EndProject
Project("{FAE04EC0-301F-11D3-BF4B-00C04F79EFBC}") = "Ejercicio12", "Ejercicio12\Ejercicio12.csproj", "{1A56EBEB-B56F-4B58-BC7A-E6A9C27119D6}"
EndProject
Project("{FAE04EC0-301F-11D3-BF4B-00C04F79EFBC}") = "Ejercicio13", "Ejercicio13\Ejercicio13.csproj", "{0C2A2D4A-B4A2-4071-A82B-D4C5FEA6DD72}"
EndProject
Project("{FAE04EC0-301F-11D3-BF4B-00C04F79EFBC}") = "Ejercicio14", "Ejercicio14\Ejercicio14.csproj", "{04C9ACF3-8C31-420D-AF44-A33149532FD0}"
EndProject
Project("{FAE04EC0-301F-11D3-BF4B-00C04F79EFBC}") = "Ejercicio15", "Ejercicio15\Ejercicio15.csproj", "{618116E7-A1EF-4411-BE50-6AED4DEF671C}"
EndProject
Project("{FAE04EC0-301F-11D3-BF4B-00C04F79EFBC}") = "Ejercicio16", "Ejercicio16\Ejercicio16.csproj", "{61B317A2-28D3-44CF-8BC3-6AC6E75D7B80}"
EndProject
Global
	GlobalSection(SolutionConfigurationPlatforms) = preSolution
		Debug|Any CPU = Debug|Any CPU
		Release|Any CPU = Release|Any CPU
	EndGlobalSection
	GlobalSection(ProjectConfigurationPlatforms) = postSolution
		{282CE939-CAE4-4005-9362-EBAA260C423D}.Debug|Any CPU.ActiveCfg = Debug|Any CPU
		{282CE939-CAE4-4005-9362-EBAA260C423D}.Debug|Any CPU.Build.0 = Debug|Any CPU
		{282CE939-CAE4-4005-9362-EBAA260C423D}.Release|Any CPU.ActiveCfg = Release|Any CPU
		{282CE939-CAE4-4005-9362-EBAA260C423D}.Release|Any CPU.Build.0 = Release|Any CPU
		{79071CC4-E2EA-4F52-A02F-A3FA6FF1CC0B}.Debug|Any CPU.ActiveCfg = Debug|Any CPU
		{79071CC4-E2EA-4F52-A02F-A3FA6FF1CC0B}.Debug|Any CPU.Build.0 = Debug|Any CPU
		{79071CC4-E2EA-4F52-A02F-A3FA6FF1CC0B}.Release|Any CPU.ActiveCfg = Release|Any CPU
		{79071CC4-E2EA-4F52-A02F-A3FA6FF1CC0B}.Release|Any CPU.Build.0 = Release|Any CPU
		{96A14BBA-7F9E-478B-A61B-3D35C1A63508}.Debug|Any CPU.ActiveCfg = Debug|Any CPU
		{96A14BBA-7F9E-478B-A61B-3D35C1A63508}.Debug|Any CPU.Build.0 = Debug|Any CPU
		{96A14BBA-7F9E-478B-A61B-3D35C1A63508}.Release|Any CPU.ActiveCfg = Release|Any CPU
		{96A14BBA-7F9E-478B-A61B-3D35C1A63508}.Release|Any CPU.Build.0 = Release|Any CPU
		{608CC575-7783-4ED0-9F30-49B7E7BF97A2}.Debug|Any CPU.ActiveCfg = Debug|Any CPU
		{608CC575-7783-4ED0-9F30-49B7E7BF97A2}.Debug|Any CPU.Build.0 = Debug|Any CPU
		{608CC575-7783-4ED0-9F30-49B7E7BF97A2}.Release|Any CPU.ActiveCfg = Release|Any CPU
		{608CC575-7783-4ED0-9F30-49B7E7BF97A2}.Release|Any CPU.Build.0 = Release|Any CPU
		{A60D725B-682B-4740-92C8-7AEE6175223E}.Debug|Any CPU.ActiveCfg = Debug|Any CPU
		{A60D725B-682B-4740-92C8-7AEE6175223E}.Debug|Any CPU.Build.0 = Debug|Any CPU
		{A60D725B-682B-4740-92C8-7AEE6175223E}.Release|Any CPU.ActiveCfg = Release|Any CPU
		{A60D725B-682B-4740-92C8-7AEE6175223E}.Release|Any CPU.Build.0 = Release|Any CPU
		{02CFFB55-D70A-432B-B895-F45FFE7C4AC2}.Debug|Any CPU.ActiveCfg = Debug|Any CPU
		{02CFFB55-D70A-432B-B895-F45FFE7C4AC2}.Debug|Any CPU.Build.0 = Debug|Any CPU
		{02CFFB55-D70A-432B-B895-F45FFE7C4AC2}.Release|Any CPU.ActiveCfg = Release|Any CPU
		{02CFFB55-D70A-432B-B895-F45FFE7C4AC2}.Release|Any CPU.Build.0 = Release|Any CPU
		{D71659E6-B5AC-48A4-818F-E7FBAF6C36A0}.Debug|Any CPU.ActiveCfg = Debug|Any CPU
		{D71659E6-B5AC-48A4-818F-E7FBAF6C36A0}.Debug|Any CPU.Build.0 = Debug|Any CPU
		{D71659E6-B5AC-48A4-818F-E7FBAF6C36A0}.Release|Any CPU.ActiveCfg = Release|Any CPU
		{D71659E6-B5AC-48A4-818F-E7FBAF6C36A0}.Release|Any CPU.Build.0 = Release|Any CPU
		{41733BD9-4008-4881-AAE8-57C84269293C}.Debug|Any CPU.ActiveCfg = Debug|Any CPU
		{41733BD9-4008-4881-AAE8-57C84269293C}.Debug|Any CPU.Build.0 = Debug|Any CPU
		{41733BD9-4008-4881-AAE8-57C84269293C}.Release|Any CPU.ActiveCfg = Release|Any CPU
		{41733BD9-4008-4881-AAE8-57C84269293C}.Release|Any CPU.Build.0 = Release|Any CPU
		{310A87D9-2722-483D-BC95-7C8DCA51FC1F}.Debug|Any CPU.ActiveCfg = Debug|Any CPU
		{310A87D9-2722-483D-BC95-7C8DCA51FC1F}.Debug|Any CPU.Build.0 = Debug|Any CPU
		{310A87D9-2722-483D-BC95-7C8DCA51FC1F}.Release|Any CPU.ActiveCfg = Release|Any CPU
		{310A87D9-2722-483D-BC95-7C8DCA51FC1F}.Release|Any CPU.Build.0 = Release|Any CPU
		{B8085EF0-C578-40FF-A1B9-7141DC72A38F}.Debug|Any CPU.ActiveCfg = Debug|Any CPU
		{B8085EF0-C578-40FF-A1B9-7141DC72A38F}.Debug|Any CPU.Build.0 = Debug|Any CPU
		{B8085EF0-C578-40FF-A1B9-7141DC72A38F}.Release|Any CPU.ActiveCfg = Release|Any CPU
		{B8085EF0-C578-40FF-A1B9-7141DC72A38F}.Release|Any CPU.Build.0 = Release|Any CPU
		{1A56EBEB-B56F-4B58-BC7A-E6A9C27119D6}.Debug|Any CPU.ActiveCfg = Debug|Any CPU
		{1A56EBEB-B56F-4B58-BC7A-E6A9C27119D6}.Debug|Any CPU.Build.0 = Debug|Any CPU
		{1A56EBEB-B56F-4B58-BC7A-E6A9C27119D6}.Release|Any CPU.ActiveCfg = Release|Any CPU
		{1A56EBEB-B56F-4B58-BC7A-E6A9C27119D6}.Release|Any CPU.Build.0 = Release|Any CPU
		{0C2A2D4A-B4A2-4071-A82B-D4C5FEA6DD72}.Debug|Any CPU.ActiveCfg = Debug|Any CPU
		{0C2A2D4A-B4A2-4071-A82B-D4C5FEA6DD72}.Debug|Any CPU.Build.0 = Debug|Any CPU
		{0C2A2D4A-B4A2-4071-A82B-D4C5FEA6DD72}.Release|Any CPU.ActiveCfg = Release|Any CPU
		{0C2A2D4A-B4A2-4071-A82B-D4C5FEA6DD72}.Release|Any CPU.Build.0 = Release|Any CPU
		{04C9ACF3-8C31-420D-AF44-A33149532FD0}.Debug|Any CPU.ActiveCfg = Debug|Any CPU
		{04C9ACF3-8C31-420D-AF44-A33149532FD0}.Debug|Any CPU.Build.0 = Debug|Any CPU
		{04C9ACF3-8C31-420D-AF44-A33149532FD0}.Release|Any CPU.ActiveCfg = Release|Any CPU
		{04C9ACF3-8C31-420D-AF44-A33149532FD0}.Release|Any CPU.Build.0 = Release|Any CPU
		{618116E7-A1EF-4411-BE50-6AED4DEF671C}.Debug|Any CPU.ActiveCfg = Debug|Any CPU
		{618116E7-A1EF-4411-BE50-6AED4DEF671C}.Debug|Any CPU.Build.0 = Debug|Any CPU
		{618116E7-A1EF-4411-BE50-6AED4DEF671C}.Release|Any CPU.ActiveCfg = Release|Any CPU
		{618116E7-A1EF-4411-BE50-6AED4DEF671C}.Release|Any CPU.Build.0 = Release|Any CPU
		{61B317A2-28D3-44CF-8BC3-6AC6E75D7B80}.Debug|Any CPU.ActiveCfg = Debug|Any CPU
		{61B317A2-28D3-44CF-8BC3-6AC6E75D7B80}.Debug|Any CPU.Build.0 = Debug|Any CPU
		{61B317A2-28D3-44CF-8BC3-6AC6E75D7B80}.Release|Any CPU.ActiveCfg = Release|Any CPU
		{61B317A2-28D3-44CF-8BC3-6AC6E75D7B80}.Release|Any CPU.Build.0 = Release|Any CPU
	EndGlobalSection
	GlobalSection(SolutionProperties) = preSolution
		HideSolutionNode = FALSE
	EndGlobalSection
	GlobalSection(ExtensibilityGlobals) = postSolution
		SolutionGuid = {B10EF97E-B366-4EAF-875A-2F3F6F089037}
	EndGlobalSection
EndGlobal
