
Microsoft Visual Studio Solution File, Format Version 12.00
# Visual Studio Version 16
VisualStudioVersion = 16.0.31613.86
MinimumVisualStudioVersion = 10.0.40219.1
Project("{FAE04EC0-301F-11D3-BF4B-00C04F79EFBC}") = "Ejercicio1", "Ejercicio1\Ejercicio1.csproj", "{57875FD4-4AC1-4D6E-9DC7-DAD897FD24EF}"
EndProject
Project("{FAE04EC0-301F-11D3-BF4B-00C04F79EFBC}") = "Ejercicio2", "Ejercicio2\Ejercicio2.csproj", "{58FECA6A-3039-4C6C-B273-DA383CEF5C60}"
EndProject
Project("{FAE04EC0-301F-11D3-BF4B-00C04F79EFBC}") = "Ejercicio3", "Ejercicio3\Ejercicio3.csproj", "{70B11A0E-4E1A-4A96-B6F5-C916C0B7BBC7}"
EndProject
Project("{FAE04EC0-301F-11D3-BF4B-00C04F79EFBC}") = "Ejercicio4", "Ejercicio4\Ejercicio4.csproj", "{7AAEA41F-2B20-4C85-839E-7FDA267BAA73}"
EndProject
Project("{FAE04EC0-301F-11D3-BF4B-00C04F79EFBC}") = "Ejercicio5_6_7", "Ejercicio5_6_7\Ejercicio5_6_7.csproj", "{596DACCF-87F0-48F9-9D55-9CBE491995E8}"
EndProject
Global
	GlobalSection(SolutionConfigurationPlatforms) = preSolution
		Debug|Any CPU = Debug|Any CPU
		Release|Any CPU = Release|Any CPU
	EndGlobalSection
	GlobalSection(ProjectConfigurationPlatforms) = postSolution
		{57875FD4-4AC1-4D6E-9DC7-DAD897FD24EF}.Debug|Any CPU.ActiveCfg = Debug|Any CPU
		{57875FD4-4AC1-4D6E-9DC7-DAD897FD24EF}.Debug|Any CPU.Build.0 = Debug|Any CPU
		{57875FD4-4AC1-4D6E-9DC7-DAD897FD24EF}.Release|Any CPU.ActiveCfg = Release|Any CPU
		{57875FD4-4AC1-4D6E-9DC7-DAD897FD24EF}.Release|Any CPU.Build.0 = Release|Any CPU
		{58FECA6A-3039-4C6C-B273-DA383CEF5C60}.Debug|Any CPU.ActiveCfg = Debug|Any CPU
		{58FECA6A-3039-4C6C-B273-DA383CEF5C60}.Debug|Any CPU.Build.0 = Debug|Any CPU
		{58FECA6A-3039-4C6C-B273-DA383CEF5C60}.Release|Any CPU.ActiveCfg = Release|Any CPU
		{58FECA6A-3039-4C6C-B273-DA383CEF5C60}.Release|Any CPU.Build.0 = Release|Any CPU
		{70B11A0E-4E1A-4A96-B6F5-C916C0B7BBC7}.Debug|Any CPU.ActiveCfg = Debug|Any CPU
		{70B11A0E-4E1A-4A96-B6F5-C916C0B7BBC7}.Debug|Any CPU.Build.0 = Debug|Any CPU
		{70B11A0E-4E1A-4A96-B6F5-C916C0B7BBC7}.Release|Any CPU.ActiveCfg = Release|Any CPU
		{70B11A0E-4E1A-4A96-B6F5-C916C0B7BBC7}.Release|Any CPU.Build.0 = Release|Any CPU
		{7AAEA41F-2B20-4C85-839E-7FDA267BAA73}.Debug|Any CPU.ActiveCfg = Debug|Any CPU
		{7AAEA41F-2B20-4C85-839E-7FDA267BAA73}.Debug|Any CPU.Build.0 = Debug|Any CPU
		{7AAEA41F-2B20-4C85-839E-7FDA267BAA73}.Release|Any CPU.ActiveCfg = Release|Any CPU
		{7AAEA41F-2B20-4C85-839E-7FDA267BAA73}.Release|Any CPU.Build.0 = Release|Any CPU
		{596DACCF-87F0-48F9-9D55-9CBE491995E8}.Debug|Any CPU.ActiveCfg = Debug|Any CPU
		{596DACCF-87F0-48F9-9D55-9CBE491995E8}.Debug|Any CPU.Build.0 = Debug|Any CPU
		{596DACCF-87F0-48F9-9D55-9CBE491995E8}.Release|Any CPU.ActiveCfg = Release|Any CPU
		{596DACCF-87F0-48F9-9D55-9CBE491995E8}.Release|Any CPU.Build.0 = Release|Any CPU
	EndGlobalSection
	GlobalSection(SolutionProperties) = preSolution
		HideSolutionNode = FALSE
	EndGlobalSection
	GlobalSection(ExtensibilityGlobals) = postSolution
		SolutionGuid = {BEF63745-E444-4974-8627-7B68655EBAB3}
	EndGlobalSection
EndGlobal
