
Microsoft Visual Studio Solution File, Format Version 12.00
# Visual Studio Version 16
VisualStudioVersion = 16.0.31613.86
MinimumVisualStudioVersion = 10.0.40219.1
Project("{9A19103F-16F7-4668-BE54-9A1E7A4F7556}") = "Ejercicio1", "Ejercicio1\Ejercicio1.csproj", "{DE0D2CEC-F10B-4B7E-BF65-1E7E20B20A27}"
EndProject
Project("{9A19103F-16F7-4668-BE54-9A1E7A4F7556}") = "Ejercicio2", "Ejercicio2\Ejercicio2.csproj", "{2B6E8873-5AA3-4A75-B7BA-C427B3A64336}"
EndProject
Project("{9A19103F-16F7-4668-BE54-9A1E7A4F7556}") = "Ejercicio3", "Ejercicio3\Ejercicio3.csproj", "{4E12C588-7790-4ED1-BAD8-3C1E9BE84671}"
EndProject
Project("{9A19103F-16F7-4668-BE54-9A1E7A4F7556}") = "Ejercicios  Metodos", "Ejercicios  Metodos\Ejercicios  Metodos.csproj", "{A6FB7013-9371-4989-9093-BB4EE786CECD}"
EndProject
Project("{FAE04EC0-301F-11D3-BF4B-00C04F79EFBC}") = "practika", "practika\practika.csproj", "{71C44BF5-6F6C-49C3-B10B-7354C327A8F3}"
EndProject
Global
	GlobalSection(SolutionConfigurationPlatforms) = preSolution
		Debug|Any CPU = Debug|Any CPU
		Release|Any CPU = Release|Any CPU
	EndGlobalSection
	GlobalSection(ProjectConfigurationPlatforms) = postSolution
		{DE0D2CEC-F10B-4B7E-BF65-1E7E20B20A27}.Debug|Any CPU.ActiveCfg = Debug|Any CPU
		{DE0D2CEC-F10B-4B7E-BF65-1E7E20B20A27}.Debug|Any CPU.Build.0 = Debug|Any CPU
		{DE0D2CEC-F10B-4B7E-BF65-1E7E20B20A27}.Release|Any CPU.ActiveCfg = Release|Any CPU
		{DE0D2CEC-F10B-4B7E-BF65-1E7E20B20A27}.Release|Any CPU.Build.0 = Release|Any CPU
		{2B6E8873-5AA3-4A75-B7BA-C427B3A64336}.Debug|Any CPU.ActiveCfg = Debug|Any CPU
		{2B6E8873-5AA3-4A75-B7BA-C427B3A64336}.Debug|Any CPU.Build.0 = Debug|Any CPU
		{2B6E8873-5AA3-4A75-B7BA-C427B3A64336}.Release|Any CPU.ActiveCfg = Release|Any CPU
		{2B6E8873-5AA3-4A75-B7BA-C427B3A64336}.Release|Any CPU.Build.0 = Release|Any CPU
		{4E12C588-7790-4ED1-BAD8-3C1E9BE84671}.Debug|Any CPU.ActiveCfg = Debug|Any CPU
		{4E12C588-7790-4ED1-BAD8-3C1E9BE84671}.Debug|Any CPU.Build.0 = Debug|Any CPU
		{4E12C588-7790-4ED1-BAD8-3C1E9BE84671}.Release|Any CPU.ActiveCfg = Release|Any CPU
		{4E12C588-7790-4ED1-BAD8-3C1E9BE84671}.Release|Any CPU.Build.0 = Release|Any CPU
		{A6FB7013-9371-4989-9093-BB4EE786CECD}.Debug|Any CPU.ActiveCfg = Debug|Any CPU
		{A6FB7013-9371-4989-9093-BB4EE786CECD}.Debug|Any CPU.Build.0 = Debug|Any CPU
		{A6FB7013-9371-4989-9093-BB4EE786CECD}.Release|Any CPU.ActiveCfg = Release|Any CPU
		{A6FB7013-9371-4989-9093-BB4EE786CECD}.Release|Any CPU.Build.0 = Release|Any CPU
		{71C44BF5-6F6C-49C3-B10B-7354C327A8F3}.Debug|Any CPU.ActiveCfg = Debug|Any CPU
		{71C44BF5-6F6C-49C3-B10B-7354C327A8F3}.Debug|Any CPU.Build.0 = Debug|Any CPU
		{71C44BF5-6F6C-49C3-B10B-7354C327A8F3}.Release|Any CPU.ActiveCfg = Release|Any CPU
		{71C44BF5-6F6C-49C3-B10B-7354C327A8F3}.Release|Any CPU.Build.0 = Release|Any CPU
	EndGlobalSection
	GlobalSection(SolutionProperties) = preSolution
		HideSolutionNode = FALSE
	EndGlobalSection
	GlobalSection(ExtensibilityGlobals) = postSolution
		SolutionGuid = {BF01B4B0-BDAD-4921-9EC9-ECF3A2ED722A}
	EndGlobalSection
EndGlobal
